{
  "name": "punch-the-keys",
  "version": "1.0.0",
  "lockfileVersion": 1,
  "requires": true,
  "dependencies": {
    "@babel/runtime": {
      "version": "7.15.3",
      "resolved": "https://registry.npmjs.org/@babel/runtime/-/runtime-7.15.3.tgz",
      "integrity": "sha512-OvwMLqNXkCXSz1kSm58sEsNuhqOx/fKpnUnKnFB5v8uDda5bLNEHNgKPvhDN6IU0LDcnHQ90LlJ0Q6jnyBSIBA==",
      "requires": {
        "regenerator-runtime": "^0.13.4"
      }
    },
    "automation-events": {
      "version": "4.0.6",
      "resolved": "https://registry.npmjs.org/automation-events/-/automation-events-4.0.6.tgz",
      "integrity": "sha512-br0kVBPdMJ0pfkROvFbGshjGBvs0UKuafGcME2mN8Ys46Rb5T4Q7QIpXmlxzMcexmxTKDunYdqgjq2U6IwCstg==",
      "requires": {
        "@babel/runtime": "^7.15.3",
        "tslib": "^2.3.1"
      }
    },
    "regenerator-runtime": {
      "version": "0.13.9",
      "resolved": "https://registry.npmjs.org/regenerator-runtime/-/regenerator-runtime-0.13.9.tgz",
      "integrity": "sha512-p3VT+cOEgxFsRRA9X4lkI1E+k2/CtnKtU4gcxyaCUreilL/vqI6CdZ3wxVUx3UOUg+gnUOQQcRI7BmSI656MYA=="
    },
    "standardized-audio-context": {
      "version": "25.3.6",
      "resolved": "https://registry.npmjs.org/standardized-audio-context/-/standardized-audio-context-25.3.6.tgz",
      "integrity": "sha512-ioB5q7IRnhrzDum3HDRPPFwta+oCzncf466gDLlY1EQmBLpe6OdEHVGVuvNt/Fe0C6NTbcY78vX5JjRVsGUfVA==",
      "requires": {
        "@babel/runtime": "^7.15.3",
        "automation-events": "^4.0.6",
        "tslib": "^2.3.1"
      }
    },
    "tone": {
      "version": "14.7.77",
      "resolved": "https://registry.npmjs.org/tone/-/tone-14.7.77.tgz",
      "integrity": "sha512-tCfK73IkLHyzoKUvGq47gyDyxiKLFvKiVCOobynGgBB9Dl0NkxTM2p+eRJXyCYrjJwy9Y0XCMqD3uOYsYt2Fdg==",
      "requires": {
        "standardized-audio-context": "^25.1.8",
        "tslib": "^2.0.1"
      }
    },
    "tslib": {
      "version": "2.3.1",
      "resolved": "https://registry.npmjs.org/tslib/-/tslib-2.3.1.tgz",
      "integrity": "sha512-77EbyPPpMz+FRFRuAFlWMtmgUWGe9UOG2Z25NqCwiIjRhOf5iKGuzSe5P2w1laq+FkRy4p+PCuVkJSGkzTEKVw=="
    }
  }
}
